
Microsoft Visual Studio Solution File, Format Version 12.00
# Visual Studio Version 17
VisualStudioVersion = 17.11.35222.181
MinimumVisualStudioVersion = 10.0.40219.1
Project("{FAE04EC0-301F-11D3-BF4B-00C04F79EFBC}") = "BinaryConsole", "BinaryConsole.csproj", "{F9CD94A3-F3BB-4800-8C55-2784D06B8D51}"
EndProject
Global
	GlobalSection(SolutionConfigurationPlatforms) = preSolution
		Debug|Any CPU = Debug|Any CPU
		Release|Any CPU = Release|Any CPU
	EndGlobalSection
	GlobalSection(ProjectConfigurationPlatforms) = postSolution
		{F9CD94A3-F3BB-4800-8C55-2784D06B8D51}.Debug|Any CPU.ActiveCfg = Debug|Any CPU
		{F9CD94A3-F3BB-4800-8C55-2784D06B8D51}.Debug|Any CPU.Build.0 = Debug|Any CPU
		{F9CD94A3-F3BB-4800-8C55-2784D06B8D51}.Release|Any CPU.ActiveCfg = Release|Any CPU
		{F9CD94A3-F3BB-4800-8C55-2784D06B8D51}.Release|Any CPU.Build.0 = Release|Any CPU
	EndGlobalSection
	GlobalSection(SolutionProperties) = preSolution
		HideSolutionNode = FALSE
	EndGlobalSection
	GlobalSection(ExtensibilityGlobals) = postSolution
		SolutionGuid = {74F9CBA6-91F6-4A83-9A79-94D4AC6DF6FC}
	EndGlobalSection
EndGlobal
